PODS:
  - ReSwift (4.0.0)
  - ReSwiftRouter (0.6.0):
    - ReSwift (~> 4.0.0)

DEPENDENCIES:
  - ReSwift
  - ReSwiftRouter

SPEC CHECKSUMS:
  ReSwift: f058ef13b46ae5f463f10605ccbbb7fb04424d8d
  ReSwiftRouter: 81f41b37a5dd1c88e1d3d10a660ff2dcc939ba7c

PODFILE CHECKSUM: e5af8a735e6751f799c5c6c4d16b6a4d07608a76

COCOAPODS: 1.2.1
