// !$*UTF8*$!
{
	archiveVersion = 1;
	classes = {
	};
	objectVersion = 46;
	objects = {

/* Begin PBXBuildFile section */
		1F824492FCCDD9BD16D82910 /* Pods_ToDoRedux.framework in Frameworks */ = {isa = PBXBuildFile; fileRef = B91EF7A37B6A0ECC9B208310 /* Pods_ToDoRedux.framework */; };
		B85A234C0F53FCFAC0083500 /* Pods_ToDoReduxTests.framework in Frameworks */ = {isa = PBXBuildFile; fileRef = 3535B90FA352A076859A671E /* Pods_ToDoReduxTests.framework */; };
		DD362A0F1F607D6D007307CC /* AppDelegate.swift in Sources */ = {isa = PBXBuildFile; fileRef = DD362A0E1F607D6D007307CC /* AppDelegate.swift */; };
		DD362A111F607D6D007307CC /* MainViewController.swift in Sources */ = {isa = PBXBuildFile; fileRef = DD362A101F607D6D007307CC /* MainViewController.swift */; };
		DD362A141F607D6D007307CC /* Main.storyboard in Resources */ = {isa = PBXBuildFile; fileRef = DD362A121F607D6D007307CC /* Main.storyboard */; };
		DD362A161F607D6D007307CC /* Assets.xcassets in Resources */ = {isa = PBXBuildFile; fileRef = DD362A151F607D6D007307CC /* Assets.xcassets */; };
		DD362A191F607D6D007307CC /* LaunchScreen.storyboard in Resources */ = {isa = PBXBuildFile; fileRef = DD362A171F607D6D007307CC /* LaunchScreen.storyboard */; };
		DD362A241F607D6D007307CC /* ToDoReduxTests.swift in Sources */ = {isa = PBXBuildFile; fileRef = DD362A231F607D6D007307CC /* ToDoReduxTests.swift */; };
		DD362A341F607FF7007307CC /* ApplicationState.swift in Sources */ = {isa = PBXBuildFile; fileRef = DD362A331F607FF7007307CC /* ApplicationState.swift */; };
		DD362A391F608205007307CC /* ApplicationReducer.swift in Sources */ = {isa = PBXBuildFile; fileRef = DD362A381F608205007307CC /* ApplicationReducer.swift */; };
/* End PBXBuildFile section */

/* Begin PBXContainerItemProxy section */
		DD362A201F607D6D007307CC /* PBXContainerItemProxy */ = {
			isa = PBXContainerItemProxy;
			containerPortal = DD362A031F607D6D007307CC /* Project object */;
			proxyType = 1;
			remoteGlobalIDString = DD362A0A1F607D6D007307CC;
			remoteInfo = ToDoRedux;
		};
/* End PBXContainerItemProxy section */

/* Begin PBXFileReference section */
		03F0587FFA1FCBE9E401C020 /* Pods-ToDoReduxTests.debug.xcconfig */ = {isa = PBXFileReference; includeInIndex = 1; lastKnownFileType = text.xcconfig; name = "Pods-ToDoReduxTests.debug.xcconfig"; path = "Pods/Target Support Files/Pods-ToDoReduxTests/Pods-ToDoReduxTests.debug.xcconfig"; sourceTree = "<group>"; };
		3535B90FA352A076859A671E /* Pods_ToDoReduxTests.framework */ = {isa = PBXFileReference; explicitFileType = wrapper.framework; includeInIndex = 0; path = Pods_ToDoReduxTests.framework; sourceTree = BUILT_PRODUCTS_DIR; };
		A0D17E189EBB026F489515EF /* Pods-ToDoRedux.release.xcconfig */ = {isa = PBXFileReference; includeInIndex = 1; lastKnownFileType = text.xcconfig; name = "Pods-ToDoRedux.release.xcconfig"; path = "Pods/Target Support Files/Pods-ToDoRedux/Pods-ToDoRedux.release.xcconfig"; sourceTree = "<group>"; };
		A684E2BC8EFA4663D8C5A69C /* Pods-ToDoReduxTests.release.xcconfig */ = {isa = PBXFileReference; includeInIndex = 1; lastKnownFileType = text.xcconfig; name = "Pods-ToDoReduxTests.release.xcconfig"; path = "Pods/Target Support Files/Pods-ToDoReduxTests/Pods-ToDoReduxTests.release.xcconfig"; sourceTree = "<group>"; };
		B91EF7A37B6A0ECC9B208310 /* Pods_ToDoRedux.framework */ = {isa = PBXFileReference; explicitFileType = wrapper.framework; includeInIndex = 0; path = Pods_ToDoRedux.framework; sourceTree = BUILT_PRODUCTS_DIR; };
		DA49E1CB20431B50A8299379 /* Pods-ToDoRedux.debug.xcconfig */ = {isa = PBXFileReference; includeInIndex = 1; lastKnownFileType = text.xcconfig; name = "Pods-ToDoRedux.debug.xcconfig"; path = "Pods/Target Support Files/Pods-ToDoRedux/Pods-ToDoRedux.debug.xcconfig"; sourceTree = "<group>"; };
		DD362A0B1F607D6D007307CC /* ToDoRedux.app */ = {isa = PBXFileReference; explicitFileType = wrapper.application; includeInIndex = 0; path = ToDoRedux.app; sourceTree = BUILT_PRODUCTS_DIR; };
		DD362A0E1F607D6D007307CC /* AppDelegate.swift */ = {isa = PBXFileReference; lastKnownFileType = sourcecode.swift; path = AppDelegate.swift; sourceTree = "<group>"; };
		DD362A101F607D6D007307CC /* MainViewController.swift */ = {isa = PBXFileReference; lastKnownFileType = sourcecode.swift; path = MainViewController.swift; sourceTree = "<group>"; };
		DD362A131F607D6D007307CC /* Base */ = {isa = PBXFileReference; lastKnownFileType = file.storyboard; name = Base; path = Base.lproj/Main.storyboard; sourceTree = "<group>"; };
		DD362A151F607D6D007307CC /* Assets.xcassets */ = {isa = PBXFileReference; lastKnownFileType = folder.assetcatalog; path = Assets.xcassets; sourceTree = "<group>"; };
		DD362A181F607D6D007307CC /* Base */ = {isa = PBXFileReference; lastKnownFileType = file.storyboard; name = Base; path = Base.lproj/LaunchScreen.storyboard; sourceTree = "<group>"; };
		DD362A1A1F607D6D007307CC /* Info.plist */ = {isa = PBXFileReference; lastKnownFileType = text.plist.xml; path = Info.plist; sourceTree = "<group>"; };
		DD362A1F1F607D6D007307CC /* ToDoReduxTests.xctest */ = {isa = PBXFileReference; explicitFileType = wrapper.cfbundle; includeInIndex = 0; path = ToDoReduxTests.xctest; sourceTree = BUILT_PRODUCTS_DIR; };
		DD362A231F607D6D007307CC /* ToDoReduxTests.swift */ = {isa = PBXFileReference; lastKnownFileType = sourcecode.swift; path = ToDoReduxTests.swift; sourceTree = "<group>"; };
		DD362A251F607D6D007307CC /* Info.plist */ = {isa = PBXFileReference; lastKnownFileType = text.plist.xml; path = Info.plist; sourceTree = "<group>"; };
		DD362A331F607FF7007307CC /* ApplicationState.swift */ = {isa = PBXFileReference; fileEncoding = 4; lastKnownFileType = sourcecode.swift; path = ApplicationState.swift; sourceTree = "<group>"; };
		DD362A381F608205007307CC /* ApplicationReducer.swift */ = {isa = PBXFileReference; fileEncoding = 4; lastKnownFileType = sourcecode.swift; path = ApplicationReducer.swift; sourceTree = "<group>"; };
/* End PBXFileReference section */

/* Begin PBXFrameworksBuildPhase section */
		DD362A081F607D6D007307CC /* Frameworks */ = {
			isa = PBXFrameworksBuildPhase;
			buildActionMask = 2147483647;
			files = (
				1F824492FCCDD9BD16D82910 /* Pods_ToDoRedux.framework in Frameworks */,
			);
			runOnlyForDeploymentPostprocessing = 0;
		};
		DD362A1C1F607D6D007307CC /* Frameworks */ = {
			isa = PBXFrameworksBuildPhase;
			buildActionMask = 2147483647;
			files = (
				B85A234C0F53FCFAC0083500 /* Pods_ToDoReduxTests.framework in Frameworks */,
			);
			runOnlyForDeploymentPostprocessing = 0;
		};
/* End PBXFrameworksBuildPhase section */

/* Begin PBXGroup section */
		312CA689C1DDAA8B1425E762 /* Pods */ = {
			isa = PBXGroup;
			children = (
				DA49E1CB20431B50A8299379 /* Pods-ToDoRedux.debug.xcconfig */,
				A0D17E189EBB026F489515EF /* Pods-ToDoRedux.release.xcconfig */,
				03F0587FFA1FCBE9E401C020 /* Pods-ToDoReduxTests.debug.xcconfig */,
				A684E2BC8EFA4663D8C5A69C /* Pods-ToDoReduxTests.release.xcconfig */,
			);
			name = Pods;
			sourceTree = "<group>";
		};
		4E1A4D4F11C9472473BB1EA1 /* Frameworks */ = {
			isa = PBXGroup;
			children = (
				B91EF7A37B6A0ECC9B208310 /* Pods_ToDoRedux.framework */,
				3535B90FA352A076859A671E /* Pods_ToDoReduxTests.framework */,
			);
			name = Frameworks;
			sourceTree = "<group>";
		};
		DD362A021F607D6D007307CC = {
			isa = PBXGroup;
			children = (
				DD362A0D1F607D6D007307CC /* ToDoRedux */,
				DD362A221F607D6D007307CC /* ToDoReduxTests */,
				DD362A0C1F607D6D007307CC /* Products */,
				312CA689C1DDAA8B1425E762 /* Pods */,
				4E1A4D4F11C9472473BB1EA1 /* Frameworks */,
			);
			sourceTree = "<group>";
		};
		DD362A0C1F607D6D007307CC /* Products */ = {
			isa = PBXGroup;
			children = (
				DD362A0B1F607D6D007307CC /* ToDoRedux.app */,
				DD362A1F1F607D6D007307CC /* ToDoReduxTests.xctest */,
			);
			name = Products;
			sourceTree = "<group>";
		};
		DD362A0D1F607D6D007307CC /* ToDoRedux */ = {
			isa = PBXGroup;
			children = (
				DD362A351F60816A007307CC /* Views */,
				DD362A321F607FC7007307CC /* Middleware */,
				DD362A311F607FB2007307CC /* Action Creators */,
				DD362A2F1F607F8F007307CC /* Actions */,
				DD362A301F607FAC007307CC /* Reducers */,
				DD362A331F607FF7007307CC /* ApplicationState.swift */,
				DD362A121F607D6D007307CC /* Main.storyboard */,
				DD362A2E1F607EF6007307CC /* Supporting Files */,
			);
			path = ToDoRedux;
			sourceTree = "<group>";
		};
		DD362A221F607D6D007307CC /* ToDoReduxTests */ = {
			isa = PBXGroup;
			children = (
				DD362A231F607D6D007307CC /* ToDoReduxTests.swift */,
				DD362A251F607D6D007307CC /* Info.plist */,
			);
			path = ToDoReduxTests;
			sourceTree = "<group>";
		};
		DD362A2E1F607EF6007307CC /* Supporting Files */ = {
			isa = PBXGroup;
			children = (
				DD362A0E1F607D6D007307CC /* AppDelegate.swift */,
				DD362A151F607D6D007307CC /* Assets.xcassets */,
				DD362A171F607D6D007307CC /* LaunchScreen.storyboard */,
				DD362A1A1F607D6D007307CC /* Info.plist */,
			);
			name = "Supporting Files";
			sourceTree = "<group>";
		};
		DD362A2F1F607F8F007307CC /* Actions */ = {
			isa = PBXGroup;
			children = (
			);
			name = Actions;
			sourceTree = "<group>";
		};
		DD362A301F607FAC007307CC /* Reducers */ = {
			isa = PBXGroup;
			children = (
				DD362A381F608205007307CC /* ApplicationReducer.swift */,
			);
			name = Reducers;
			sourceTree = "<group>";
		};
		DD362A311F607FB2007307CC /* Action Creators */ = {
			isa = PBXGroup;
			children = (
			);
			name = "Action Creators";
			sourceTree = "<group>";
		};
		DD362A321F607FC7007307CC /* Middleware */ = {
			isa = PBXGroup;
			children = (
			);
			name = Middleware;
			sourceTree = "<group>";
		};
		DD362A351F60816A007307CC /* Views */ = {
			isa = PBXGroup;
			children = (
				DD362A101F607D6D007307CC /* MainViewController.swift */,
			);
			name = Views;
			sourceTree = "<group>";
		};
/* End PBXGroup section */

/* Begin PBXNativeTarget section */
		DD362A0A1F607D6D007307CC /* ToDoRedux */ = {
			isa = PBXNativeTarget;
			buildConfigurationList = DD362A281F607D6D007307CC /* Build configuration list for PBXNativeTarget "ToDoRedux" */;
			buildPhases = (
				5C5E1ECE4D5A16600C493B84 /* [CP] Check Pods Manifest.lock */,
				DD362A071F607D6D007307CC /* Sources */,
				DD362A081F607D6D007307CC /* Frameworks */,
				DD362A091F607D6D007307CC /* Resources */,
				9CF4BABEB93F6C495ED630CC /* [CP] Embed Pods Frameworks */,
				A6B925A09F17DD7ADB7EEA4F /* [CP] Copy Pods Resources */,
			);
			buildRules = (
			);
			dependencies = (
			);
			name = ToDoRedux;
			productName = ToDoRedux;
			productReference = DD362A0B1F607D6D007307CC /* ToDoRedux.app */;
			productType = "com.apple.product-type.application";
		};
		DD362A1E1F607D6D007307CC /* ToDoReduxTests */ = {
			isa = PBXNativeTarget;
			buildConfigurationList = DD362A2B1F607D6D007307CC /* Build configuration list for PBXNativeTarget "ToDoReduxTests" */;
			buildPhases = (
				0E6DA81C6464D1923320D659 /* [CP] Check Pods Manifest.lock */,
				DD362A1B1F607D6D007307CC /* Sources */,
				DD362A1C1F607D6D007307CC /* Frameworks */,
				DD362A1D1F607D6D007307CC /* Resources */,
				63C89B780A9A30A4C41A7A64 /* [CP] Embed Pods Frameworks */,
				1403E1F29C0C30D73E2117CB /* [CP] Copy Pods Resources */,
			);
			buildRules = (
			);
			dependencies = (
				DD362A211F607D6D007307CC /* PBXTargetDependency */,
			);
			name = ToDoReduxTests;
			productName = ToDoReduxTests;
			productReference = DD362A1F1F607D6D007307CC /* ToDoReduxTests.xctest */;
			productType = "com.apple.product-type.bundle.unit-test";
		};
/* End PBXNativeTarget section */

/* Begin PBXProject section */
		DD362A031F607D6D007307CC /* Project object */ = {
			isa = PBXProject;
			attributes = {
				LastSwiftUpdateCheck = 0830;
				LastUpgradeCheck = 0830;
				ORGANIZATIONNAME = "LLC «Globus Media»";
				TargetAttributes = {
					DD362A0A1F607D6D007307CC = {
						CreatedOnToolsVersion = 8.3.3;
						DevelopmentTeam = 9MMW3J69P9;
						ProvisioningStyle = Automatic;
					};
					DD362A1E1F607D6D007307CC = {
						CreatedOnToolsVersion = 8.3.3;
						DevelopmentTeam = 3V868FP58Z;
						ProvisioningStyle = Automatic;
						TestTargetID = DD362A0A1F607D6D007307CC;
					};
				};
			};
			buildConfigurationList = DD362A061F607D6D007307CC /* Build configuration list for PBXProject "ToDoRedux" */;
			compatibilityVersion = "Xcode 3.2";
			developmentRegion = English;
			hasScannedForEncodings = 0;
			knownRegions = (
				en,
				Base,
			);
			mainGroup = DD362A021F607D6D007307CC;
			productRefGroup = DD362A0C1F607D6D007307CC /* Products */;
			projectDirPath = "";
			projectRoot = "";
			targets = (
				DD362A0A1F607D6D007307CC /* ToDoRedux */,
				DD362A1E1F607D6D007307CC /* ToDoReduxTests */,
			);
		};
/* End PBXProject section */

/* Begin PBXResourcesBuildPhase section */
		DD362A091F607D6D007307CC /* Resources */ = {
			isa = PBXResourcesBuildPhase;
			buildActionMask = 2147483647;
			files = (
				DD362A191F607D6D007307CC /* LaunchScreen.storyboard in Resources */,
				DD362A161F607D6D007307CC /* Assets.xcassets in Resources */,
				DD362A141F607D6D007307CC /* Main.storyboard in Resources */,
			);
			runOnlyForDeploymentPostprocessing = 0;
		};
		DD362A1D1F607D6D007307CC /* Resources */ = {
			isa = PBXResourcesBuildPhase;
			buildActionMask = 2147483647;
			files = (
			);
			runOnlyForDeploymentPostprocessing = 0;
		};
/* End PBXResourcesBuildPhase section */

/* Begin PBXShellScriptBuildPhase section */
		0E6DA81C6464D1923320D659 /* [CP] Check Pods Manifest.lock */ = {
			isa = PBXShellScriptBuildPhase;
			buildActionMask = 2147483647;
			files = (
			);
			inputPaths = (
				"${PODS_PODFILE_DIR_PATH}/Podfile.lock",
				"${PODS_ROOT}/Manifest.lock",
			);
			name = "[CP] Check Pods Manifest.lock";
			outputPaths = (
				"$(DERIVED_FILE_DIR)/Pods-ToDoReduxTests-checkManifestLockResult.txt",
			);
			runOnlyForDeploymentPostprocessing = 0;
			shellPath = /bin/sh;
			shellScript = "diff \"${PODS_PODFILE_DIR_PATH}/Podfile.lock\" \"${PODS_ROOT}/Manifest.lock\" > /dev/null\nif [ $? != 0 ] ; then\n    # print error to STDERR\n    echo \"error: The sandbox is not in sync with the Podfile.lock. Run 'pod install' or update your CocoaPods installation.\" >&2\n    exit 1\nfi\n# This output is used by Xcode 'outputs' to avoid re-running this script phase.\necho \"SUCCESS\" > \"${SCRIPT_OUTPUT_FILE_0}\"\n";
			showEnvVarsInLog = 0;
		};
		1403E1F29C0C30D73E2117CB /* [CP] Copy Pods Resources */ = {
			isa = PBXShellScriptBuildPhase;
			buildActionMask = 2147483647;
			files = (
			);
			inputPaths = (
			);
			name = "[CP] Copy Pods Resources";
			outputPaths = (
			);
			runOnlyForDeploymentPostprocessing = 0;
			shellPath = /bin/sh;
			shellScript = "\"${SRCROOT}/Pods/Target Support Files/Pods-ToDoReduxTests/Pods-ToDoReduxTests-resources.sh\"\n";
			showEnvVarsInLog = 0;
		};
		5C5E1ECE4D5A16600C493B84 /* [CP] Check Pods Manifest.lock */ = {
			isa = PBXShellScriptBuildPhase;
			buildActionMask = 2147483647;
			files = (
			);
			inputPaths = (
				"${PODS_PODFILE_DIR_PATH}/Podfile.lock",
				"${PODS_ROOT}/Manifest.lock",
			);
			name = "[CP] Check Pods Manifest.lock";
			outputPaths = (
				"$(DERIVED_FILE_DIR)/Pods-ToDoRedux-checkManifestLockResult.txt",
			);
			runOnlyForDeploymentPostprocessing = 0;
			shellPath = /bin/sh;
			shellScript = "diff \"${PODS_PODFILE_DIR_PATH}/Podfile.lock\" \"${PODS_ROOT}/Manifest.lock\" > /dev/null\nif [ $? != 0 ] ; then\n    # print error to STDERR\n    echo \"error: The sandbox is not in sync with the Podfile.lock. Run 'pod install' or update your CocoaPods installation.\" >&2\n    exit 1\nfi\n# This output is used by Xcode 'outputs' to avoid re-running this script phase.\necho \"SUCCESS\" > \"${SCRIPT_OUTPUT_FILE_0}\"\n";
			showEnvVarsInLog = 0;
		};
		63C89B780A9A30A4C41A7A64 /* [CP] Embed Pods Frameworks */ = {
			isa = PBXShellScriptBuildPhase;
			buildActionMask = 2147483647;
			files = (
			);
			inputPaths = (
			);
			name = "[CP] Embed Pods Frameworks";
			outputPaths = (
			);
			runOnlyForDeploymentPostprocessing = 0;
			shellPath = /bin/sh;
			shellScript = "\"${SRCROOT}/Pods/Target Support Files/Pods-ToDoReduxTests/Pods-ToDoReduxTests-frameworks.sh\"\n";
			showEnvVarsInLog = 0;
		};
		9CF4BABEB93F6C495ED630CC /* [CP] Embed Pods Frameworks */ = {
			isa = PBXShellScriptBuildPhase;
			buildActionMask = 2147483647;
			files = (
			);
			inputPaths = (
				"${SRCROOT}/Pods/Target Support Files/Pods-ToDoRedux/Pods-ToDoRedux-frameworks.sh",
				"${BUILT_PRODUCTS_DIR}/ReSwift/ReSwift.framework",
				"${BUILT_PRODUCTS_DIR}/ReSwiftRouter/ReSwiftRouter.framework",
			);
			name = "[CP] Embed Pods Frameworks";
			outputPaths = (
				"${TARGET_BUILD_DIR}/${FRAMEWORKS_FOLDER_PATH}/ReSwift.framework",
				"${TARGET_BUILD_DIR}/${FRAMEWORKS_FOLDER_PATH}/ReSwiftRouter.framework",
			);
			runOnlyForDeploymentPostprocessing = 0;
			shellPath = /bin/sh;
			shellScript = "\"${SRCROOT}/Pods/Target Support Files/Pods-ToDoRedux/Pods-ToDoRedux-frameworks.sh\"\n";
			showEnvVarsInLog = 0;
		};
		A6B925A09F17DD7ADB7EEA4F /* [CP] Copy Pods Resources */ = {
			isa = PBXShellScriptBuildPhase;
			buildActionMask = 2147483647;
			files = (
			);
			inputPaths = (
			);
			name = "[CP] Copy Pods Resources";
			outputPaths = (
			);
			runOnlyForDeploymentPostprocessing = 0;
			shellPath = /bin/sh;
			shellScript = "\"${SRCROOT}/Pods/Target Support Files/Pods-ToDoRedux/Pods-ToDoRedux-resources.sh\"\n";
			showEnvVarsInLog = 0;
		};
/* End PBXShellScriptBuildPhase section */

/* Begin PBXSourcesBuildPhase section */
		DD362A071F607D6D007307CC /* Sources */ = {
			isa = PBXSourcesBuildPhase;
			buildActionMask = 2147483647;
			files = (
				DD362A391F608205007307CC /* ApplicationReducer.swift in Sources */,
				DD362A111F607D6D007307CC /* MainViewController.swift in Sources */,
				DD362A341F607FF7007307CC /* ApplicationState.swift in Sources */,
				DD362A0F1F607D6D007307CC /* AppDelegate.swift in Sources */,
			);
			runOnlyForDeploymentPostprocessing = 0;
		};
		DD362A1B1F607D6D007307CC /* Sources */ = {
			isa = PBXSourcesBuildPhase;
			buildActionMask = 2147483647;
			files = (
				DD362A241F607D6D007307CC /* ToDoReduxTests.swift in Sources */,
			);
			runOnlyForDeploymentPostprocessing = 0;
		};
/* End PBXSourcesBuildPhase section */

/* Begin PBXTargetDependency section */
		DD362A211F607D6D007307CC /* PBXTargetDependency */ = {
			isa = PBXTargetDependency;
			target = DD362A0A1F607D6D007307CC /* ToDoRedux */;
			targetProxy = DD362A201F607D6D007307CC /* PBXContainerItemProxy */;
		};
/* End PBXTargetDependency section */

/* Begin PBXVariantGroup section */
		DD362A121F607D6D007307CC /* Main.storyboard */ = {
			isa = PBXVariantGroup;
			children = (
				DD362A131F607D6D007307CC /* Base */,
			);
			name = Main.storyboard;
			sourceTree = "<group>";
		};
		DD362A171F607D6D007307CC /* LaunchScreen.storyboard */ = {
			isa = PBXVariantGroup;
			children = (
				DD362A181F607D6D007307CC /* Base */,
			);
			name = LaunchScreen.storyboard;
			sourceTree = "<group>";
		};
/* End PBXVariantGroup section */

/* Begin XCBuildConfiguration section */
		DD362A261F607D6D007307CC /* Debug */ = {
			isa = XCBuildConfiguration;
			buildSettings = {
				ALWAYS_SEARCH_USER_PATHS = NO;
				CLANG_ANALYZER_NONNULL = YES;
				CLANG_ANALYZER_NUMBER_OBJECT_CONVERSION = YES_AGGRESSIVE;
				CLANG_CXX_LANGUAGE_STANDARD = "gnu++0x";
				CLANG_CXX_LIBRARY = "libc++";
				CLANG_ENABLE_MODULES = YES;
				CLANG_ENABLE_OBJC_ARC = YES;
				CLANG_WARN_BOOL_CONVERSION = YES;
				CLANG_WARN_CONSTANT_CONVERSION = YES;
				CLANG_WARN_DIRECT_OBJC_ISA_USAGE = YES_ERROR;
				CLANG_WARN_DOCUMENTATION_COMMENTS = YES;
				CLANG_WARN_EMPTY_BODY = YES;
				CLANG_WARN_ENUM_CONVERSION = YES;
				CLANG_WARN_INFINITE_RECURSION = YES;
				CLANG_WARN_INT_CONVERSION = YES;
				CLANG_WARN_OBJC_ROOT_CLASS = YES_ERROR;
				CLANG_WARN_SUSPICIOUS_MOVE = YES;
				CLANG_WARN_UNREACHABLE_CODE = YES;
				CLANG_WARN__DUPLICATE_METHOD_MATCH = YES;
				"CODE_SIGN_IDENTITY[sdk=iphoneos*]" = "iPhone Developer";
				COPY_PHASE_STRIP = NO;
				DEBUG_INFORMATION_FORMAT = dwarf;
				ENABLE_STRICT_OBJC_MSGSEND = YES;
				ENABLE_TESTABILITY = YES;
				GCC_C_LANGUAGE_STANDARD = gnu99;
				GCC_DYNAMIC_NO_PIC = NO;
				GCC_NO_COMMON_BLOCKS = YES;
				GCC_OPTIMIZATION_LEVEL = 0;
				GCC_PREPROCESSOR_DEFINITIONS = (
					"DEBUG=1",
					"$(inherited)",
				);
				GCC_WARN_64_TO_32_BIT_CONVERSION = YES;
				GCC_WARN_ABOUT_RETURN_TYPE = YES_ERROR;
				GCC_WARN_UNDECLARED_SELECTOR = YES;
				GCC_WARN_UNINITIALIZED_AUTOS = YES_AGGRESSIVE;
				GCC_WARN_UNUSED_FUNCTION = YES;
				GCC_WARN_UNUSED_VARIABLE = YES;
				IPHONEOS_DEPLOYMENT_TARGET = 10.3;
				MTL_ENABLE_DEBUG_INFO = YES;
				ONLY_ACTIVE_ARCH = YES;
				SDKROOT = iphoneos;
				SWIFT_ACTIVE_COMPILATION_CONDITIONS = DEBUG;
				SWIFT_OPTIMIZATION_LEVEL = "-Onone";
				TARGETED_DEVICE_FAMILY = "1,2";
			};
			name = Debug;
		};
		DD362A271F607D6D007307CC /* Release */ = {
			isa = XCBuildConfiguration;
			buildSettings = {
				ALWAYS_SEARCH_USER_PATHS = NO;
				CLANG_ANALYZER_NONNULL = YES;
				CLANG_ANALYZER_NUMBER_OBJECT_CONVERSION = YES_AGGRESSIVE;
				CLANG_CXX_LANGUAGE_STANDARD = "gnu++0x";
				CLANG_CXX_LIBRARY = "libc++";
				CLANG_ENABLE_MODULES = YES;
				CLANG_ENABLE_OBJC_ARC = YES;
				CLANG_WARN_BOOL_CONVERSION = YES;
				CLANG_WARN_CONSTANT_CONVERSION = YES;
				CLANG_WARN_DIRECT_OBJC_ISA_USAGE = YES_ERROR;
				CLANG_WARN_DOCUMENTATION_COMMENTS = YES;
				CLANG_WARN_EMPTY_BODY = YES;
				CLANG_WARN_ENUM_CONVERSION = YES;
				CLANG_WARN_INFINITE_RECURSION = YES;
				CLANG_WARN_INT_CONVERSION = YES;
				CLANG_WARN_OBJC_ROOT_CLASS = YES_ERROR;
				CLANG_WARN_SUSPICIOUS_MOVE = YES;
				CLANG_WARN_UNREACHABLE_CODE = YES;
				CLANG_WARN__DUPLICATE_METHOD_MATCH = YES;
				"CODE_SIGN_IDENTITY[sdk=iphoneos*]" = "iPhone Developer";
				COPY_PHASE_STRIP = NO;
				DEBUG_INFORMATION_FORMAT = "dwarf-with-dsym";
				ENABLE_NS_ASSERTIONS = NO;
				ENABLE_STRICT_OBJC_MSGSEND = YES;
				GCC_C_LANGUAGE_STANDARD = gnu99;
				GCC_NO_COMMON_BLOCKS = YES;
				GCC_WARN_64_TO_32_BIT_CONVERSION = YES;
				GCC_WARN_ABOUT_RETURN_TYPE = YES_ERROR;
				GCC_WARN_UNDECLARED_SELECTOR = YES;
				GCC_WARN_UNINITIALIZED_AUTOS = YES_AGGRESSIVE;
				GCC_WARN_UNUSED_FUNCTION = YES;
				GCC_WARN_UNUSED_VARIABLE = YES;
				IPHONEOS_DEPLOYMENT_TARGET = 10.3;
				MTL_ENABLE_DEBUG_INFO = NO;
				SDKROOT = iphoneos;
				SWIFT_OPTIMIZATION_LEVEL = "-Owholemodule";
				TARGETED_DEVICE_FAMILY = "1,2";
				VALIDATE_PRODUCT = YES;
			};
			name = Release;
		};
		DD362A291F607D6D007307CC /* Debug */ = {
			isa = XCBuildConfiguration;
			baseConfigurationReference = DA49E1CB20431B50A8299379 /* Pods-ToDoRedux.debug.xcconfig */;
			buildSettings = {
				ASSETCATALOG_COMPILER_APPICON_NAME = AppIcon;
				DEVELOPMENT_TEAM = 9MMW3J69P9;
				INFOPLIST_FILE = ToDoRedux/Info.plist;
				LD_RUNPATH_SEARCH_PATHS = "$(inherited) @executable_path/Frameworks";
				PRODUCT_BUNDLE_IDENTIFIER = ru.tutu.ToDoRedux;
				PRODUCT_NAME = "$(TARGET_NAME)";
				SWIFT_VERSION = 3.0;
			};
			name = Debug;
		};
		DD362A2A1F607D6D007307CC /* Release */ = {
			isa = XCBuildConfiguration;
			baseConfigurationReference = A0D17E189EBB026F489515EF /* Pods-ToDoRedux.release.xcconfig */;
			buildSettings = {
				ASSETCATALOG_COMPILER_APPICON_NAME = AppIcon;
				DEVELOPMENT_TEAM = 9MMW3J69P9;
				INFOPLIST_FILE = ToDoRedux/Info.plist;
				LD_RUNPATH_SEARCH_PATHS = "$(inherited) @executable_path/Frameworks";
				PRODUCT_BUNDLE_IDENTIFIER = ru.tutu.ToDoRedux;
				PRODUCT_NAME = "$(TARGET_NAME)";
				SWIFT_VERSION = 3.0;
			};
			name = Release;
		};
		DD362A2C1F607D6D007307CC /* Debug */ = {
			isa = XCBuildConfiguration;
			baseConfigurationReference = 03F0587FFA1FCBE9E401C020 /* Pods-ToDoReduxTests.debug.xcconfig */;
			buildSettings = {
				ALWAYS_EMBED_SWIFT_STANDARD_LIBRARIES = YES;
				BUNDLE_LOADER = "$(TEST_HOST)";
				DEVELOPMENT_TEAM = 3V868FP58Z;
				INFOPLIST_FILE = ToDoReduxTests/Info.plist;
				LD_RUNPATH_SEARCH_PATHS = "$(inherited) @executable_path/Frameworks @loader_path/Frameworks";
				PRODUCT_BUNDLE_IDENTIFIER = ru.tutu.ToDoReduxTests;
				PRODUCT_NAME = "$(TARGET_NAME)";
				SWIFT_VERSION = 3.0;
				TEST_HOST = "$(BUILT_PRODUCTS_DIR)/ToDoRedux.app/ToDoRedux";
			};
			name = Debug;
		};
		DD362A2D1F607D6D007307CC /* Release */ = {
			isa = XCBuildConfiguration;
			baseConfigurationReference = A684E2BC8EFA4663D8C5A69C /* Pods-ToDoReduxTests.release.xcconfig */;
			buildSettings = {
				ALWAYS_EMBED_SWIFT_STANDARD_LIBRARIES = YES;
				BUNDLE_LOADER = "$(TEST_HOST)";
				DEVELOPMENT_TEAM = 3V868FP58Z;
				INFOPLIST_FILE = ToDoReduxTests/Info.plist;
				LD_RUNPATH_SEARCH_PATHS = "$(inherited) @executable_path/Frameworks @loader_path/Frameworks";
				PRODUCT_BUNDLE_IDENTIFIER = ru.tutu.ToDoReduxTests;
				PRODUCT_NAME = "$(TARGET_NAME)";
				SWIFT_VERSION = 3.0;
				TEST_HOST = "$(BUILT_PRODUCTS_DIR)/ToDoRedux.app/ToDoRedux";
			};
			name = Release;
		};
/* End XCBuildConfiguration section */

/* Begin XCConfigurationList section */
		DD362A061F607D6D007307CC /* Build configuration list for PBXProject "ToDoRedux" */ = {
			isa = XCConfigurationList;
			buildConfigurations = (
				DD362A261F607D6D007307CC /* Debug */,
				DD362A271F607D6D007307CC /* Release */,
			);
			defaultConfigurationIsVisible = 0;
			defaultConfigurationName = Release;
		};
		DD362A281F607D6D007307CC /* Build configuration list for PBXNativeTarget "ToDoRedux" */ = {
			isa = XCConfigurationList;
			buildConfigurations = (
				DD362A291F607D6D007307CC /* Debug */,
				DD362A2A1F607D6D007307CC /* Release */,
			);
			defaultConfigurationIsVisible = 0;
			defaultConfigurationName = Release;
		};
		DD362A2B1F607D6D007307CC /* Build configuration list for PBXNativeTarget "ToDoReduxTests" */ = {
			isa = XCConfigurationList;
			buildConfigurations = (
				DD362A2C1F607D6D007307CC /* Debug */,
				DD362A2D1F607D6D007307CC /* Release */,
			);
			defaultConfigurationIsVisible = 0;
			defaultConfigurationName = Release;
		};
/* End XCConfigurationList section */
	};
	rootObject = DD362A031F607D6D007307CC /* Project object */;
}
